// !$*UTF8*$!
{
	archiveVersion = 1;
	classes = {
	};
	objectVersion = 55;
	objects = {

/* Begin PBXBuildFile section */
		7E54C502292C131D00A0D372 /* PerDayHeaderView.swift in Sources */ = {isa = PBXBuildFile; fileRef = 7E54C501292C131D00A0D372 /* PerDayHeaderView.swift */; };
		7E54C505292C20A400A0D372 /* FooterView.swift in Sources */ = {isa = PBXBuildFile; fileRef = 7E54C504292C20A400A0D372 /* FooterView.swift */; };
		7E555BA9292C0AE100144945 /* ForecastCell.swift in Sources */ = {isa = PBXBuildFile; fileRef = 7E555BA8292C0AE100144945 /* ForecastCell.swift */; };
		7E56030B292A292200EBFF89 /* AppDelegate.swift in Sources */ = {isa = PBXBuildFile; fileRef = 7E56030A292A292200EBFF89 /* AppDelegate.swift */; };
		7E56030D292A292200EBFF89 /* SceneDelegate.swift in Sources */ = {isa = PBXBuildFile; fileRef = 7E56030C292A292200EBFF89 /* SceneDelegate.swift */; };
		7E56030F292A292200EBFF89 /* WeatherViewController.swift in Sources */ = {isa = PBXBuildFile; fileRef = 7E56030E292A292200EBFF89 /* WeatherViewController.swift */; };
		7E560314292A292500EBFF89 /* Assets.xcassets in Resources */ = {isa = PBXBuildFile; fileRef = 7E560313292A292500EBFF89 /* Assets.xcassets */; };
		7E560317292A292500EBFF89 /* LaunchScreen.storyboard in Resources */ = {isa = PBXBuildFile; fileRef = 7E560315292A292500EBFF89 /* LaunchScreen.storyboard */; };
		7E560320292A361D00EBFF89 /* UIView + Extension.swift in Sources */ = {isa = PBXBuildFile; fileRef = 7E56031F292A361D00EBFF89 /* UIView + Extension.swift */; };
		7E560324292A3C6800EBFF89 /* Inter-Medium.ttf in Resources */ = {isa = PBXBuildFile; fileRef = 7E560323292A3C6800EBFF89 /* Inter-Medium.ttf */; };
		7E560327292A3D8000EBFF89 /* AppTheme.swift in Sources */ = {isa = PBXBuildFile; fileRef = 7E560326292A3D8000EBFF89 /* AppTheme.swift */; };
		7E590B44292FE1B70036B1F4 /* WeatherModel.swift in Sources */ = {isa = PBXBuildFile; fileRef = 7E590B43292FE1B70036B1F4 /* WeatherModel.swift */; };
		7E590B47292FEACD0036B1F4 /* weatherData.json in Resources */ = {isa = PBXBuildFile; fileRef = 7E590B46292FEACD0036B1F4 /* weatherData.json */; };
		7E590B4B292FEEC20036B1F4 /* WeatherPresenter.swift in Sources */ = {isa = PBXBuildFile; fileRef = 7E590B4A292FEEC20036B1F4 /* WeatherPresenter.swift */; };
		7E590B4E293001210036B1F4 /*  DateFormatterManager.swift in Sources */ = {isa = PBXBuildFile; fileRef = 7E590B4D293001200036B1F4 /*  DateFormatterManager.swift */; };
		7E79C15A292D3C0300A91674 /* PerDayCell.swift in Sources */ = {isa = PBXBuildFile; fileRef = 7E79C159292D3C0300A91674 /* PerDayCell.swift */; };
		7E79C15C292D571500A91674 /* UIStackView + Extension.swift in Sources */ = {isa = PBXBuildFile; fileRef = 7E79C15B292D571500A91674 /* UIStackView + Extension.swift */; };
/* End PBXBuildFile section */

/* Begin PBXFileReference section */
		7E54C501292C131D00A0D372 /* PerDayHeaderView.swift */ = {isa = PBXFileReference; lastKnownFileType = sourcecode.swift; path = PerDayHeaderView.swift; sourceTree = "<group>"; };
		7E54C504292C20A400A0D372 /* FooterView.swift */ = {isa = PBXFileReference; lastKnownFileType = sourcecode.swift; path = FooterView.swift; sourceTree = "<group>"; };
		7E555BA8292C0AE100144945 /* ForecastCell.swift */ = {isa = PBXFileReference; lastKnownFileType = sourcecode.swift; path = ForecastCell.swift; sourceTree = "<group>"; };
		7E560307292A292200EBFF89 /* WeatherTest.app */ = {isa = PBXFileReference; explicitFileType = wrapper.application; includeInIndex = 0; path = WeatherTest.app; sourceTree = BUILT_PRODUCTS_DIR; };
		7E56030A292A292200EBFF89 /* AppDelegate.swift */ = {isa = PBXFileReference; lastKnownFileType = sourcecode.swift; path = AppDelegate.swift; sourceTree = "<group>"; };
		7E56030C292A292200EBFF89 /* SceneDelegate.swift */ = {isa = PBXFileReference; lastKnownFileType = sourcecode.swift; path = SceneDelegate.swift; sourceTree = "<group>"; };
		7E56030E292A292200EBFF89 /* WeatherViewController.swift */ = {isa = PBXFileReference; lastKnownFileType = sourcecode.swift; path = WeatherViewController.swift; sourceTree = "<group>"; };
		7E560313292A292500EBFF89 /* Assets.xcassets */ = {isa = PBXFileReference; lastKnownFileType = folder.assetcatalog; path = Assets.xcassets; sourceTree = "<group>"; };
		7E560316292A292500EBFF89 /* Base */ = {isa = PBXFileReference; lastKnownFileType = file.storyboard; name = Base; path = Base.lproj/LaunchScreen.storyboard; sourceTree = "<group>"; };
		7E560318292A292500EBFF89 /* Info.plist */ = {isa = PBXFileReference; lastKnownFileType = text.plist.xml; path = Info.plist; sourceTree = "<group>"; };
		7E56031F292A361D00EBFF89 /* UIView + Extension.swift */ = {isa = PBXFileReference; lastKnownFileType = sourcecode.swift; path = "UIView + Extension.swift"; sourceTree = "<group>"; };
		7E560323292A3C6800EBFF89 /* Inter-Medium.ttf */ = {isa = PBXFileReference; lastKnownFileType = file; path = "Inter-Medium.ttf"; sourceTree = "<group>"; };
		7E560326292A3D8000EBFF89 /* AppTheme.swift */ = {isa = PBXFileReference; lastKnownFileType = sourcecode.swift; path = AppTheme.swift; sourceTree = "<group>"; };
		7E590B43292FE1B70036B1F4 /* WeatherModel.swift */ = {isa = PBXFileReference; lastKnownFileType = sourcecode.swift; path = WeatherModel.swift; sourceTree = "<group>"; };
		7E590B46292FEACD0036B1F4 /* weatherData.json */ = {isa = PBXFileReference; fileEncoding = 4; lastKnownFileType = text.json; path = weatherData.json; sourceTree = "<group>"; };
		7E590B4A292FEEC20036B1F4 /* WeatherPresenter.swift */ = {isa = PBXFileReference; lastKnownFileType = sourcecode.swift; path = WeatherPresenter.swift; sourceTree = "<group>"; };
		7E590B4D293001200036B1F4 /*  DateFormatterManager.swift */ = {isa = PBXFileReference; lastKnownFileType = sourcecode.swift; path = " DateFormatterManager.swift"; sourceTree = "<group>"; };
		7E79C159292D3C0300A91674 /* PerDayCell.swift */ = {isa = PBXFileReference; lastKnownFileType = sourcecode.swift; path = PerDayCell.swift; sourceTree = "<group>"; };
		7E79C15B292D571500A91674 /* UIStackView + Extension.swift */ = {isa = PBXFileReference; lastKnownFileType = sourcecode.swift; path = "UIStackView + Extension.swift"; sourceTree = "<group>"; };
/* End PBXFileReference section */

/* Begin PBXFrameworksBuildPhase section */
		7E560304292A292200EBFF89 /* Frameworks */ = {
			isa = PBXFrameworksBuildPhase;
			buildActionMask = 2147483647;
			files = (
			);
			runOnlyForDeploymentPostprocessing = 0;
		};
/* End PBXFrameworksBuildPhase section */

/* Begin PBXGroup section */
		7E54C503292C208300A0D372 /* FooterVIew */ = {
			isa = PBXGroup;
			children = (
				7E54C504292C20A400A0D372 /* FooterView.swift */,
			);
			path = FooterVIew;
			sourceTree = "<group>";
		};
		7E555BA7292C0AA200144945 /* Cell */ = {
			isa = PBXGroup;
			children = (
				7E555BA8292C0AE100144945 /* ForecastCell.swift */,
			);
			path = Cell;
			sourceTree = "<group>";
		};
		7E555BAB292C0FCB00144945 /* PerDayHeaderView */ = {
			isa = PBXGroup;
			children = (
				7E79C158292D3BD000A91674 /* Cell */,
				7E54C501292C131D00A0D372 /* PerDayHeaderView.swift */,
			);
			path = PerDayHeaderView;
			sourceTree = "<group>";
		};
		7E5602FE292A292200EBFF89 = {
			isa = PBXGroup;
			children = (
				7E560309292A292200EBFF89 /* WeatherTest */,
				7E560308292A292200EBFF89 /* Products */,
			);
			sourceTree = "<group>";
		};
		7E560308292A292200EBFF89 /* Products */ = {
			isa = PBXGroup;
			children = (
				7E560307292A292200EBFF89 /* WeatherTest.app */,
			);
			name = Products;
			sourceTree = "<group>";
		};
		7E560309292A292200EBFF89 /* WeatherTest */ = {
			isa = PBXGroup;
			children = (
				7E590B48292FED090036B1F4 /* WeatherDataJSON */,
				7E590B4C293000E80036B1F4 /* Managers */,
				7E560321292A387C00EBFF89 /* Modules */,
				7E56031E292A35FB00EBFF89 /* Extensions */,
				7E560325292A3D6C00EBFF89 /* Resources */,
				7E56030A292A292200EBFF89 /* AppDelegate.swift */,
				7E56030C292A292200EBFF89 /* SceneDelegate.swift */,
				7E560313292A292500EBFF89 /* Assets.xcassets */,
				7E560315292A292500EBFF89 /* LaunchScreen.storyboard */,
				7E560318292A292500EBFF89 /* Info.plist */,
			);
			path = WeatherTest;
			sourceTree = "<group>";
		};
		7E56031E292A35FB00EBFF89 /* Extensions */ = {
			isa = PBXGroup;
			children = (
				7E56031F292A361D00EBFF89 /* UIView + Extension.swift */,
				7E79C15B292D571500A91674 /* UIStackView + Extension.swift */,
			);
			path = Extensions;
			sourceTree = "<group>";
		};
		7E560321292A387C00EBFF89 /* Modules */ = {
			isa = PBXGroup;
			children = (
				7E590B49292FEE7C0036B1F4 /* Presenter */,
				7E590B41292FE19A0036B1F4 /* Views */,
				7E590B42292FE1A90036B1F4 /* Model */,
			);
			path = Modules;
			sourceTree = "<group>";
		};
		7E560322292A3C0300EBFF89 /* Font */ = {
			isa = PBXGroup;
			children = (
				7E560323292A3C6800EBFF89 /* Inter-Medium.ttf */,
			);
			path = Font;
			sourceTree = "<group>";
		};
		7E560325292A3D6C00EBFF89 /* Resources */ = {
			isa = PBXGroup;
			children = (
				7E560322292A3C0300EBFF89 /* Font */,
				7E560326292A3D8000EBFF89 /* AppTheme.swift */,
			);
			path = Resources;
			sourceTree = "<group>";
		};
		7E590B41292FE19A0036B1F4 /* Views */ = {
			isa = PBXGroup;
			children = (
				7E555BAB292C0FCB00144945 /* PerDayHeaderView */,
				7E54C503292C208300A0D372 /* FooterVIew */,
				7E555BA7292C0AA200144945 /* Cell */,
				7E56030E292A292200EBFF89 /* WeatherViewController.swift */,
			);
			path = Views;
			sourceTree = "<group>";
		};
		7E590B42292FE1A90036B1F4 /* Model */ = {
			isa = PBXGroup;
			children = (
				7E590B43292FE1B70036B1F4 /* WeatherModel.swift */,
			);
			path = Model;
			sourceTree = "<group>";
		};
		7E590B48292FED090036B1F4 /* WeatherDataJSON */ = {
			isa = PBXGroup;
			children = (
				7E590B46292FEACD0036B1F4 /* weatherData.json */,
			);
			path = WeatherDataJSON;
			sourceTree = "<group>";
		};
		7E590B49292FEE7C0036B1F4 /* Presenter */ = {
			isa = PBXGroup;
			children = (
				7E590B4A292FEEC20036B1F4 /* WeatherPresenter.swift */,
			);
			path = Presenter;
			sourceTree = "<group>";
		};
		7E590B4C293000E80036B1F4 /* Managers */ = {
			isa = PBXGroup;
			children = (
				7E590B4D293001200036B1F4 /*  DateFormatterManager.swift */,
			);
			path = Managers;
			sourceTree = "<group>";
		};
		7E79C158292D3BD000A91674 /* Cell */ = {
			isa = PBXGroup;
			children = (
				7E79C159292D3C0300A91674 /* PerDayCell.swift */,
			);
			path = Cell;
			sourceTree = "<group>";
		};
/* End PBXGroup section */

/* Begin PBXNativeTarget section */
		7E560306292A292200EBFF89 /* WeatherTest */ = {
			isa = PBXNativeTarget;
			buildConfigurationList = 7E56031B292A292500EBFF89 /* Build configuration list for PBXNativeTarget "WeatherTest" */;
			buildPhases = (
				7E560303292A292200EBFF89 /* Sources */,
				7E560304292A292200EBFF89 /* Frameworks */,
				7E560305292A292200EBFF89 /* Resources */,
			);
			buildRules = (
			);
			dependencies = (
			);
			name = WeatherTest;
			productName = WeatherTest;
			productReference = 7E560307292A292200EBFF89 /* WeatherTest.app */;
			productType = "com.apple.product-type.application";
		};
/* End PBXNativeTarget section */

/* Begin PBXProject section */
		7E5602FF292A292200EBFF89 /* Project object */ = {
			isa = PBXProject;
			attributes = {
				BuildIndependentTargetsInParallel = 1;
				LastSwiftUpdateCheck = 1340;
				LastUpgradeCheck = 1340;
				TargetAttributes = {
					7E560306292A292200EBFF89 = {
						CreatedOnToolsVersion = 13.4.1;
					};
				};
			};
			buildConfigurationList = 7E560302292A292200EBFF89 /* Build configuration list for PBXProject "WeatherTest" */;
			compatibilityVersion = "Xcode 13.0";
			developmentRegion = en;
			hasScannedForEncodings = 0;
			knownRegions = (
				en,
				Base,
			);
			mainGroup = 7E5602FE292A292200EBFF89;
			productRefGroup = 7E560308292A292200EBFF89 /* Products */;
			projectDirPath = "";
			projectRoot = "";
			targets = (
				7E560306292A292200EBFF89 /* WeatherTest */,
			);
		};
/* End PBXProject section */

/* Begin PBXResourcesBuildPhase section */
		7E560305292A292200EBFF89 /* Resources */ = {
			isa = PBXResourcesBuildPhase;
			buildActionMask = 2147483647;
			files = (
				7E560317292A292500EBFF89 /* LaunchScreen.storyboard in Resources */,
				7E560314292A292500EBFF89 /* Assets.xcassets in Resources */,
				7E560324292A3C6800EBFF89 /* Inter-Medium.ttf in Resources */,
				7E590B47292FEACD0036B1F4 /* weatherData.json in Resources */,
			);
			runOnlyForDeploymentPostprocessing = 0;
		};
/* End PBXResourcesBuildPhase section */

/* Begin PBXSourcesBuildPhase section */
		7E560303292A292200EBFF89 /* Sources */ = {
			isa = PBXSourcesBuildPhase;
			buildActionMask = 2147483647;
			files = (
				7E560320292A361D00EBFF89 /* UIView + Extension.swift in Sources */,
				7E590B4E293001210036B1F4 /*  DateFormatterManager.swift in Sources */,
				7E56030F292A292200EBFF89 /* WeatherViewController.swift in Sources */,
				7E56030B292A292200EBFF89 /* AppDelegate.swift in Sources */,
				7E555BA9292C0AE100144945 /* ForecastCell.swift in Sources */,
				7E56030D292A292200EBFF89 /* SceneDelegate.swift in Sources */,
				7E54C505292C20A400A0D372 /* FooterView.swift in Sources */,
				7E79C15A292D3C0300A91674 /* PerDayCell.swift in Sources */,
				7E79C15C292D571500A91674 /* UIStackView + Extension.swift in Sources */,
				7E560327292A3D8000EBFF89 /* AppTheme.swift in Sources */,
				7E590B4B292FEEC20036B1F4 /* WeatherPresenter.swift in Sources */,
				7E54C502292C131D00A0D372 /* PerDayHeaderView.swift in Sources */,
				7E590B44292FE1B70036B1F4 /* WeatherModel.swift in Sources */,
			);
			runOnlyForDeploymentPostprocessing = 0;
		};
/* End PBXSourcesBuildPhase section */

/* Begin PBXVariantGroup section */
		7E560315292A292500EBFF89 /* LaunchScreen.storyboard */ = {
			isa = PBXVariantGroup;
			children = (
				7E560316292A292500EBFF89 /* Base */,
			);
			name = LaunchScreen.storyboard;
			sourceTree = "<group>";
		};
/* End PBXVariantGroup section */

/* Begin XCBuildConfiguration section */
		7E560319292A292500EBFF89 /* Debug */ = {
			isa = XCBuildConfiguration;
			buildSettings = {
				ALWAYS_SEARCH_USER_PATHS = NO;
				CLANG_ANALYZER_NONNULL = YES;
				CLANG_ANALYZER_NUMBER_OBJECT_CONVERSION = YES_AGGRESSIVE;
				CLANG_CXX_LANGUAGE_STANDARD = "gnu++17";
				CLANG_ENABLE_MODULES = YES;
				CLANG_ENABLE_OBJC_ARC = YES;
				CLANG_ENABLE_OBJC_WEAK = YES;
				CLANG_WARN_BLOCK_CAPTURE_AUTORELEASING = YES;
				CLANG_WARN_BOOL_CONVERSION = YES;
				CLANG_WARN_COMMA = YES;
				CLANG_WARN_CONSTANT_CONVERSION = YES;
				CLANG_WARN_DEPRECATED_OBJC_IMPLEMENTATIONS = YES;
				CLANG_WARN_DIRECT_OBJC_ISA_USAGE = YES_ERROR;
				CLANG_WARN_DOCUMENTATION_COMMENTS = YES;
				CLANG_WARN_EMPTY_BODY = YES;
				CLANG_WARN_ENUM_CONVERSION = YES;
				CLANG_WARN_INFINITE_RECURSION = YES;
				CLANG_WARN_INT_CONVERSION = YES;
				CLANG_WARN_NON_LITERAL_NULL_CONVERSION = YES;
				CLANG_WARN_OBJC_IMPLICIT_RETAIN_SELF = YES;
				CLANG_WARN_OBJC_LITERAL_CONVERSION = YES;
				CLANG_WARN_OBJC_ROOT_CLASS = YES_ERROR;
				CLANG_WARN_QUOTED_INCLUDE_IN_FRAMEWORK_HEADER = YES;
				CLANG_WARN_RANGE_LOOP_ANALYSIS = YES;
				CLANG_WARN_STRICT_PROTOTYPES = YES;
				CLANG_WARN_SUSPICIOUS_MOVE = YES;
				CLANG_WARN_UNGUARDED_AVAILABILITY = YES_AGGRESSIVE;
				CLANG_WARN_UNREACHABLE_CODE = YES;
				CLANG_WARN__DUPLICATE_METHOD_MATCH = YES;
				COPY_PHASE_STRIP = NO;
				DEBUG_INFORMATION_FORMAT = dwarf;
				ENABLE_STRICT_OBJC_MSGSEND = YES;
				ENABLE_TESTABILITY = YES;
				GCC_C_LANGUAGE_STANDARD = gnu11;
				GCC_DYNAMIC_NO_PIC = NO;
				GCC_NO_COMMON_BLOCKS = YES;
				GCC_OPTIMIZATION_LEVEL = 0;
				GCC_PREPROCESSOR_DEFINITIONS = (
					"DEBUG=1",
					"$(inherited)",
				);
				GCC_WARN_64_TO_32_BIT_CONVERSION = YES;
				GCC_WARN_ABOUT_RETURN_TYPE = YES_ERROR;
				GCC_WARN_UNDECLARED_SELECTOR = YES;
				GCC_WARN_UNINITIALIZED_AUTOS = YES_AGGRESSIVE;
				GCC_WARN_UNUSED_FUNCTION = YES;
				GCC_WARN_UNUSED_VARIABLE = YES;
				IPHONEOS_DEPLOYMENT_TARGET = 13.0;
				MTL_ENABLE_DEBUG_INFO = INCLUDE_SOURCE;
				MTL_FAST_MATH = YES;
				ONLY_ACTIVE_ARCH = YES;
				SDKROOT = iphoneos;
				SWIFT_ACTIVE_COMPILATION_CONDITIONS = DEBUG;
				SWIFT_OPTIMIZATION_LEVEL = "-Onone";
			};
			name = Debug;
		};
		7E56031A292A292500EBFF89 /* Release */ = {
			isa = XCBuildConfiguration;
			buildSettings = {
				ALWAYS_SEARCH_USER_PATHS = NO;
				CLANG_ANALYZER_NONNULL = YES;
				CLANG_ANALYZER_NUMBER_OBJECT_CONVERSION = YES_AGGRESSIVE;
				CLANG_CXX_LANGUAGE_STANDARD = "gnu++17";
				CLANG_ENABLE_MODULES = YES;
				CLANG_ENABLE_OBJC_ARC = YES;
				CLANG_ENABLE_OBJC_WEAK = YES;
				CLANG_WARN_BLOCK_CAPTURE_AUTORELEASING = YES;
				CLANG_WARN_BOOL_CONVERSION = YES;
				CLANG_WARN_COMMA = YES;
				CLANG_WARN_CONSTANT_CONVERSION = YES;
				CLANG_WARN_DEPRECATED_OBJC_IMPLEMENTATIONS = YES;
				CLANG_WARN_DIRECT_OBJC_ISA_USAGE = YES_ERROR;
				CLANG_WARN_DOCUMENTATION_COMMENTS = YES;
				CLANG_WARN_EMPTY_BODY = YES;
				CLANG_WARN_ENUM_CONVERSION = YES;
				CLANG_WARN_INFINITE_RECURSION = YES;
				CLANG_WARN_INT_CONVERSION = YES;
				CLANG_WARN_NON_LITERAL_NULL_CONVERSION = YES;
				CLANG_WARN_OBJC_IMPLICIT_RETAIN_SELF = YES;
				CLANG_WARN_OBJC_LITERAL_CONVERSION = YES;
				CLANG_WARN_OBJC_ROOT_CLASS = YES_ERROR;
				CLANG_WARN_QUOTED_INCLUDE_IN_FRAMEWORK_HEADER = YES;
				CLANG_WARN_RANGE_LOOP_ANALYSIS = YES;
				CLANG_WARN_STRICT_PROTOTYPES = YES;
				CLANG_WARN_SUSPICIOUS_MOVE = YES;
				CLANG_WARN_UNGUARDED_AVAILABILITY = YES_AGGRESSIVE;
				CLANG_WARN_UNREACHABLE_CODE = YES;
				CLANG_WARN__DUPLICATE_METHOD_MATCH = YES;
				COPY_PHASE_STRIP = NO;
				DEBUG_INFORMATION_FORMAT = "dwarf-with-dsym";
				ENABLE_NS_ASSERTIONS = NO;
				ENABLE_STRICT_OBJC_MSGSEND = YES;
				GCC_C_LANGUAGE_STANDARD = gnu11;
				GCC_NO_COMMON_BLOCKS = YES;
				GCC_WARN_64_TO_32_BIT_CONVERSION = YES;
				GCC_WARN_ABOUT_RETURN_TYPE = YES_ERROR;
				GCC_WARN_UNDECLARED_SELECTOR = YES;
				GCC_WARN_UNINITIALIZED_AUTOS = YES_AGGRESSIVE;
				GCC_WARN_UNUSED_FUNCTION = YES;
				GCC_WARN_UNUSED_VARIABLE = YES;
				IPHONEOS_DEPLOYMENT_TARGET = 13.0;
				MTL_ENABLE_DEBUG_INFO = NO;
				MTL_FAST_MATH = YES;
				SDKROOT = iphoneos;
				SWIFT_COMPILATION_MODE = wholemodule;
				SWIFT_OPTIMIZATION_LEVEL = "-O";
				VALIDATE_PRODUCT = YES;
			};
			name = Release;
		};
		7E56031C292A292500EBFF89 /* Debug */ = {
			isa = XCBuildConfiguration;
			buildSettings = {
				ASSETCATALOG_COMPILER_APPICON_NAME = AppIcon;
				ASSETCATALOG_COMPILER_GLOBAL_ACCENT_COLOR_NAME = AccentColor;
				CODE_SIGN_STYLE = Automatic;
				CURRENT_PROJECT_VERSION = 1;
				DEVELOPMENT_TEAM = M5S2899J9B;
				GENERATE_INFOPLIST_FILE = YES;
				INFOPLIST_FILE = WeatherTest/Info.plist;
				INFOPLIST_KEY_UIApplicationSupportsIndirectInputEvents = YES;
				INFOPLIST_KEY_UILaunchStoryboardName = LaunchScreen;
				INFOPLIST_KEY_UISupportedInterfaceOrientations = UIInterfaceOrientationPortrait;
				INFOPLIST_KEY_UISupportedInterfaceOrientations_iPad = "UIInterfaceOrientationPortrait UIInterfaceOrientationPortraitUpsideDown UIInterfaceOrientationLandscapeLeft UIInterfaceOrientationLandscapeRight";
				INFOPLIST_KEY_UISupportedInterfaceOrientations_iPhone = "UIInterfaceOrientationPortrait UIInterfaceOrientationLandscapeLeft UIInterfaceOrientationLandscapeRight";
				LD_RUNPATH_SEARCH_PATHS = (
					"$(inherited)",
					"@executable_path/Frameworks",
				);
				MARKETING_VERSION = 1.0;
				PRODUCT_BUNDLE_IDENTIFIER = weatherTest.WeatherTest;
				PRODUCT_NAME = "$(TARGET_NAME)";
				SWIFT_EMIT_LOC_STRINGS = YES;
				SWIFT_VERSION = 5.0;
				TARGETED_DEVICE_FAMILY = "1,2";
			};
			name = Debug;
		};
		7E56031D292A292500EBFF89 /* Release */ = {
			isa = XCBuildConfiguration;
			buildSettings = {
				ASSETCATALOG_COMPILER_APPICON_NAME = AppIcon;
				ASSETCATALOG_COMPILER_GLOBAL_ACCENT_COLOR_NAME = AccentColor;
				CODE_SIGN_STYLE = Automatic;
				CURRENT_PROJECT_VERSION = 1;
				DEVELOPMENT_TEAM = M5S2899J9B;
				GENERATE_INFOPLIST_FILE = YES;
				INFOPLIST_FILE = WeatherTest/Info.plist;
				INFOPLIST_KEY_UIApplicationSupportsIndirectInputEvents = YES;
				INFOPLIST_KEY_UILaunchStoryboardName = LaunchScreen;
				INFOPLIST_KEY_UISupportedInterfaceOrientations = UIInterfaceOrientationPortrait;
				INFOPLIST_KEY_UISupportedInterfaceOrientations_iPad = "UIInterfaceOrientationPortrait UIInterfaceOrientationPortraitUpsideDown UIInterfaceOrientationLandscapeLeft UIInterfaceOrientationLandscapeRight";
				INFOPLIST_KEY_UISupportedInterfaceOrientations_iPhone = "UIInterfaceOrientationPortrait UIInterfaceOrientationLandscapeLeft UIInterfaceOrientationLandscapeRight";
				LD_RUNPATH_SEARCH_PATHS = (
					"$(inherited)",
					"@executable_path/Frameworks",
				);
				MARKETING_VERSION = 1.0;
				PRODUCT_BUNDLE_IDENTIFIER = weatherTest.WeatherTest;
				PRODUCT_NAME = "$(TARGET_NAME)";
				SWIFT_EMIT_LOC_STRINGS = YES;
				SWIFT_VERSION = 5.0;
				TARGETED_DEVICE_FAMILY = "1,2";
			};
			name = Release;
		};
/* End XCBuildConfiguration section */

/* Begin XCConfigurationList section */
		7E560302292A292200EBFF89 /* Build configuration list for PBXProject "WeatherTest" */ = {
			isa = XCConfigurationList;
			buildConfigurations = (
				7E560319292A292500EBFF89 /* Debug */,
				7E56031A292A292500EBFF89 /* Release */,
			);
			defaultConfigurationIsVisible = 0;
			defaultConfigurationName = Release;
		};
		7E56031B292A292500EBFF89 /* Build configuration list for PBXNativeTarget "WeatherTest" */ = {
			isa = XCConfigurationList;
			buildConfigurations = (
				7E56031C292A292500EBFF89 /* Debug */,
				7E56031D292A292500EBFF89 /* Release */,
			);
			defaultConfigurationIsVisible = 0;
			defaultConfigurationName = Release;
		};
/* End XCConfigurationList section */
	};
	rootObject = 7E5602FF292A292200EBFF89 /* Project object */;
}
